
Microsoft Visual Studio Solution File, Format Version 12.00
# Visual Studio Version 17
VisualStudioVersion = 17.5.33414.496
MinimumVisualStudioVersion = 10.0.40219.1
Project("{8BC9CEB8-8B4A-11D0-8D11-00A0C91BC942}") = "Sandbox", "Sandbox\Sandbox.vcxproj", "{6AAC0F97-6774-4A07-8468-2BC60E9A64BB}"
EndProject
Project("{8BC9CEB8-8B4A-11D0-8D11-00A0C91BC942}") = "Hazel", "Hazel\Hazel.vcxproj", "{DDA54553-5956-4734-B624-77D28C2B9A4D}"
EndProject
Global
	GlobalSection(SolutionConfigurationPlatforms) = preSolution
		Debug|x64 = Debug|x64
		Release|x64 = Release|x64
	EndGlobalSection
	GlobalSection(ProjectConfigurationPlatforms) = postSolution
		{DDA54553-5956-4734-B624-77D28C2B9A4D}.Debug|x64.ActiveCfg = Debug|x64
		{DDA54553-5956-4734-B624-77D28C2B9A4D}.Debug|x64.Build.0 = Debug|x64
		{DDA54553-5956-4734-B624-77D28C2B9A4D}.Release|x64.ActiveCfg = Release|x64
		{DDA54553-5956-4734-B624-77D28C2B9A4D}.Release|x64.Build.0 = Release|x64
		{6AAC0F97-6774-4A07-8468-2BC60E9A64BB}.Debug|x64.ActiveCfg = Debug|x64
		{6AAC0F97-6774-4A07-8468-2BC60E9A64BB}.Debug|x64.Build.0 = Debug|x64
		{6AAC0F97-6774-4A07-8468-2BC60E9A64BB}.Release|x64.ActiveCfg = Release|x64
		{6AAC0F97-6774-4A07-8468-2BC60E9A64BB}.Release|x64.Build.0 = Release|x64
	EndGlobalSection
	GlobalSection(SolutionProperties) = preSolution
		HideSolutionNode = FALSE
	EndGlobalSection
	GlobalSection(ExtensibilityGlobals) = postSolution
		SolutionGuid = {E6FEF396-29F4-4DFC-BB62-7B8227B672BF}
	EndGlobalSection
EndGlobal
